
Microsoft Visual Studio Solution File, Format Version 12.00
# Visual Studio Version 18
VisualStudioVersion = 18.3.11520.95 d18.3
MinimumVisualStudioVersion = 10.0.40219.1
Project("{FAE04EC0-301F-11D3-BF4B-00C04F79EFBC}") = "Ceramix.API", "Ceramix.API\Ceramix.API.csproj", "{928954C9-4F9F-43B1-8507-FE4ADC584625}"
EndProject
Project("{FAE04EC0-301F-11D3-BF4B-00C04F79EFBC}") = "Ceramix.Application", "Ceramix.Application\Ceramix.Application.csproj", "{7BA76E7A-0D50-4F57-8CAC-B84A4D2A4DA2}"
EndProject
Project("{FAE04EC0-301F-11D3-BF4B-00C04F79EFBC}") = "Ceramix.Domain", "Ceramix.Domain\Ceramix.Domain.csproj", "{C8F14759-FF50-447C-A21A-F56AE38D1B39}"
EndProject
Project("{FAE04EC0-301F-11D3-BF4B-00C04F79EFBC}") = "Ceramix.Infrastructure", "Ceramix.Infrastructure\Ceramix.Infrastructure.csproj", "{8D9745E2-52A7-4F65-A249-4CBA476F570E}"
EndProject
Global
	GlobalSection(SolutionConfigurationPlatforms) = preSolution
		Debug|Any CPU = Debug|Any CPU
		Debug|x64 = Debug|x64
		Debug|x86 = Debug|x86
		Release|Any CPU = Release|Any CPU
		Release|x64 = Release|x64
		Release|x86 = Release|x86
	EndGlobalSection
	GlobalSection(ProjectConfigurationPlatforms) = postSolution
		{928954C9-4F9F-43B1-8507-FE4ADC584625}.Debug|Any CPU.ActiveCfg = Debug|Any CPU
		{928954C9-4F9F-43B1-8507-FE4ADC584625}.Debug|Any CPU.Build.0 = Debug|Any CPU
		{928954C9-4F9F-43B1-8507-FE4ADC584625}.Debug|x64.ActiveCfg = Debug|Any CPU
		{928954C9-4F9F-43B1-8507-FE4ADC584625}.Debug|x64.Build.0 = Debug|Any CPU
		{928954C9-4F9F-43B1-8507-FE4ADC584625}.Debug|x86.ActiveCfg = Debug|Any CPU
		{928954C9-4F9F-43B1-8507-FE4ADC584625}.Debug|x86.Build.0 = Debug|Any CPU
		{928954C9-4F9F-43B1-8507-FE4ADC584625}.Release|Any CPU.ActiveCfg = Release|Any CPU
		{928954C9-4F9F-43B1-8507-FE4ADC584625}.Release|Any CPU.Build.0 = Release|Any CPU
		{928954C9-4F9F-43B1-8507-FE4ADC584625}.Release|x64.ActiveCfg = Release|Any CPU
		{928954C9-4F9F-43B1-8507-FE4ADC584625}.Release|x64.Build.0 = Release|Any CPU
		{928954C9-4F9F-43B1-8507-FE4ADC584625}.Release|x86.ActiveCfg = Release|Any CPU
		{928954C9-4F9F-43B1-8507-FE4ADC584625}.Release|x86.Build.0 = Release|Any CPU
		{7BA76E7A-0D50-4F57-8CAC-B84A4D2A4DA2}.Debug|Any CPU.ActiveCfg = Debug|Any CPU
		{7BA76E7A-0D50-4F57-8CAC-B84A4D2A4DA2}.Debug|Any CPU.Build.0 = Debug|Any CPU
		{7BA76E7A-0D50-4F57-8CAC-B84A4D2A4DA2}.Debug|x64.ActiveCfg = Debug|Any CPU
		{7BA76E7A-0D50-4F57-8CAC-B84A4D2A4DA2}.Debug|x64.Build.0 = Debug|Any CPU
		{7BA76E7A-0D50-4F57-8CAC-B84A4D2A4DA2}.Debug|x86.ActiveCfg = Debug|Any CPU
		{7BA76E7A-0D50-4F57-8CAC-B84A4D2A4DA2}.Debug|x86.Build.0 = Debug|Any CPU
		{7BA76E7A-0D50-4F57-8CAC-B84A4D2A4DA2}.Release|Any CPU.ActiveCfg = Release|Any CPU
		{7BA76E7A-0D50-4F57-8CAC-B84A4D2A4DA2}.Release|Any CPU.Build.0 = Release|Any CPU
		{7BA76E7A-0D50-4F57-8CAC-B84A4D2A4DA2}.Release|x64.ActiveCfg = Release|Any CPU
		{7BA76E7A-0D50-4F57-8CAC-B84A4D2A4DA2}.Release|x64.Build.0 = Release|Any CPU
		{7BA76E7A-0D50-4F57-8CAC-B84A4D2A4DA2}.Release|x86.ActiveCfg = Release|Any CPU
		{7BA76E7A-0D50-4F57-8CAC-B84A4D2A4DA2}.Release|x86.Build.0 = Release|Any CPU
		{C8F14759-FF50-447C-A21A-F56AE38D1B39}.Debug|Any CPU.ActiveCfg = Debug|Any CPU
		{C8F14759-FF50-447C-A21A-F56AE38D1B39}.Debug|Any CPU.Build.0 = Debug|Any CPU
		{C8F14759-FF50-447C-A21A-F56AE38D1B39}.Debug|x64.ActiveCfg = Debug|Any CPU
		{C8F14759-FF50-447C-A21A-F56AE38D1B39}.Debug|x64.Build.0 = Debug|Any CPU
		{C8F14759-FF50-447C-A21A-F56AE38D1B39}.Debug|x86.ActiveCfg = Debug|Any CPU
		{C8F14759-FF50-447C-A21A-F56AE38D1B39}.Debug|x86.Build.0 = Debug|Any CPU
		{C8F14759-FF50-447C-A21A-F56AE38D1B39}.Release|Any CPU.ActiveCfg = Release|Any CPU
		{C8F14759-FF50-447C-A21A-F56AE38D1B39}.Release|Any CPU.Build.0 = Release|Any CPU
		{C8F14759-FF50-447C-A21A-F56AE38D1B39}.Release|x64.ActiveCfg = Release|Any CPU
		{C8F14759-FF50-447C-A21A-F56AE38D1B39}.Release|x64.Build.0 = Release|Any CPU
		{C8F14759-FF50-447C-A21A-F56AE38D1B39}.Release|x86.ActiveCfg = Release|Any CPU
		{C8F14759-FF50-447C-A21A-F56AE38D1B39}.Release|x86.Build.0 = Release|Any CPU
		{8D9745E2-52A7-4F65-A249-4CBA476F570E}.Debug|Any CPU.ActiveCfg = Debug|Any CPU
		{8D9745E2-52A7-4F65-A249-4CBA476F570E}.Debug|Any CPU.Build.0 = Debug|Any CPU
		{8D9745E2-52A7-4F65-A249-4CBA476F570E}.Debug|x64.ActiveCfg = Debug|Any CPU
		{8D9745E2-52A7-4F65-A249-4CBA476F570E}.Debug|x64.Build.0 = Debug|Any CPU
		{8D9745E2-52A7-4F65-A249-4CBA476F570E}.Debug|x86.ActiveCfg = Debug|Any CPU
		{8D9745E2-52A7-4F65-A249-4CBA476F570E}.Debug|x86.Build.0 = Debug|Any CPU
		{8D9745E2-52A7-4F65-A249-4CBA476F570E}.Release|Any CPU.ActiveCfg = Release|Any CPU
		{8D9745E2-52A7-4F65-A249-4CBA476F570E}.Release|Any CPU.Build.0 = Release|Any CPU
		{8D9745E2-52A7-4F65-A249-4CBA476F570E}.Release|x64.ActiveCfg = Release|Any CPU
		{8D9745E2-52A7-4F65-A249-4CBA476F570E}.Release|x64.Build.0 = Release|Any CPU
		{8D9745E2-52A7-4F65-A249-4CBA476F570E}.Release|x86.ActiveCfg = Release|Any CPU
		{8D9745E2-52A7-4F65-A249-4CBA476F570E}.Release|x86.Build.0 = Release|Any CPU
	EndGlobalSection
	GlobalSection(SolutionProperties) = preSolution
		HideSolutionNode = FALSE
	EndGlobalSection
	GlobalSection(ExtensibilityGlobals) = postSolution
		SolutionGuid = {5D3FEA4A-CDF6-48A4-8858-676D8BD41314}
	EndGlobalSection
EndGlobal
